
Microsoft Visual Studio Solution File, Format Version 12.00
# Visual Studio Version 17
VisualStudioVersion = 17.4.33213.308
MinimumVisualStudioVersion = 10.0.40219.1
Project("{9A19103F-16F7-4668-BE54-9A1E7A4F7556}") = "Youtube2File", "Youtube2File.csproj", "{47195C52-FF12-4056-A537-332D86ACE680}"
EndProject
Global
	GlobalSection(SolutionConfigurationPlatforms) = preSolution
		Debug|Any CPU = Debug|Any CPU
		Release|Any CPU = Release|Any CPU
	EndGlobalSection
	GlobalSection(ProjectConfigurationPlatforms) = postSolution
		{47195C52-FF12-4056-A537-332D86ACE680}.Debug|Any CPU.ActiveCfg = Debug|Any CPU
		{47195C52-FF12-4056-A537-332D86ACE680}.Debug|Any CPU.Build.0 = Debug|Any CPU
		{47195C52-FF12-4056-A537-332D86ACE680}.Release|Any CPU.ActiveCfg = Release|Any CPU
		{47195C52-FF12-4056-A537-332D86ACE680}.Release|Any CPU.Build.0 = Release|Any CPU
	EndGlobalSection
	GlobalSection(SolutionProperties) = preSolution
		HideSolutionNode = FALSE
	EndGlobalSection
	GlobalSection(ExtensibilityGlobals) = postSolution
		SolutionGuid = {3B435338-0EE3-454F-B9D8-048C7C56E4D3}
	EndGlobalSection
EndGlobal
